
Microsoft Visual Studio Solution File, Format Version 12.00
# Visual Studio Version 16
VisualStudioVersion = 16.0.30406.217
MinimumVisualStudioVersion = 10.0.40219.1
Project("{9A19103F-16F7-4668-BE54-9A1E7A4F7556}") = "WorkLoad", "WorkLoad\WorkLoad.csproj", "{1EF95BBE-C72B-4139-AA8B-D329AA6B414B}"
EndProject
Project("{FAE04EC0-301F-11D3-BF4B-00C04F79EFBC}") = "Persistance", "Persistance\Persistance.csproj", "{E918E10C-0D43-4AEF-969E-C2736637C46B}"
EndProject
Global
	GlobalSection(SolutionConfigurationPlatforms) = preSolution
		Debug|Any CPU = Debug|Any CPU
		Release|Any CPU = Release|Any CPU
	EndGlobalSection
	GlobalSection(ProjectConfigurationPlatforms) = postSolution
		{1EF95BBE-C72B-4139-AA8B-D329AA6B414B}.Debug|Any CPU.ActiveCfg = Debug|Any CPU
		{1EF95BBE-C72B-4139-AA8B-D329AA6B414B}.Debug|Any CPU.Build.0 = Debug|Any CPU
		{1EF95BBE-C72B-4139-AA8B-D329AA6B414B}.Release|Any CPU.ActiveCfg = Release|Any CPU
		{1EF95BBE-C72B-4139-AA8B-D329AA6B414B}.Release|Any CPU.Build.0 = Release|Any CPU
		{E918E10C-0D43-4AEF-969E-C2736637C46B}.Debug|Any CPU.ActiveCfg = Debug|Any CPU
		{E918E10C-0D43-4AEF-969E-C2736637C46B}.Debug|Any CPU.Build.0 = Debug|Any CPU
		{E918E10C-0D43-4AEF-969E-C2736637C46B}.Release|Any CPU.ActiveCfg = Release|Any CPU
		{E918E10C-0D43-4AEF-969E-C2736637C46B}.Release|Any CPU.Build.0 = Release|Any CPU
	EndGlobalSection
	GlobalSection(SolutionProperties) = preSolution
		HideSolutionNode = FALSE
	EndGlobalSection
	GlobalSection(ExtensibilityGlobals) = postSolution
		SolutionGuid = {90D59B5F-05EB-4E12-A4AE-0AB68B15F6F4}
	EndGlobalSection
EndGlobal
